
Microsoft Visual Studio Solution File, Format Version 12.00
# Visual Studio 15
Project("{FAE04EC0-301F-11D3-BF4B-00C04F79EFBC}") = "NavMeshComponents", "NavMeshComponents.csproj", "{C445301F-3B11-DDB1-A913-866608673B4E}"
EndProject
Project("{FAE04EC0-301F-11D3-BF4B-00C04F79EFBC}") = "Assembly-CSharp", "Assembly-CSharp.csproj", "{78049B10-0B5F-BC85-4C44-2340ACF5263E}"
EndProject
Project("{FAE04EC0-301F-11D3-BF4B-00C04F79EFBC}") = "NavMeshComponentsEditor", "NavMeshComponentsEditor.csproj", "{50ECEE6D-553E-C3B2-E1A8-27BB5BDE4785}"
EndProject
Project("{FAE04EC0-301F-11D3-BF4B-00C04F79EFBC}") = "Assembly-CSharp-Editor", "Assembly-CSharp-Editor.csproj", "{826927C5-E1B0-DFEE-3B55-5843437AA523}"
EndProject
Global
	GlobalSection(SolutionConfigurationPlatforms) = preSolution
		Debug|Any CPU = Debug|Any CPU
		Release|Any CPU = Release|Any CPU
	EndGlobalSection
	GlobalSection(ProjectConfigurationPlatforms) = postSolution
		{C445301F-3B11-DDB1-A913-866608673B4E}.Debug|Any CPU.ActiveCfg = Debug|Any CPU
		{C445301F-3B11-DDB1-A913-866608673B4E}.Debug|Any CPU.Build.0 = Debug|Any CPU
		{C445301F-3B11-DDB1-A913-866608673B4E}.Release|Any CPU.ActiveCfg = Release|Any CPU
		{C445301F-3B11-DDB1-A913-866608673B4E}.Release|Any CPU.Build.0 = Release|Any CPU
		{78049B10-0B5F-BC85-4C44-2340ACF5263E}.Debug|Any CPU.ActiveCfg = Debug|Any CPU
		{78049B10-0B5F-BC85-4C44-2340ACF5263E}.Debug|Any CPU.Build.0 = Debug|Any CPU
		{78049B10-0B5F-BC85-4C44-2340ACF5263E}.Release|Any CPU.ActiveCfg = Release|Any CPU
		{78049B10-0B5F-BC85-4C44-2340ACF5263E}.Release|Any CPU.Build.0 = Release|Any CPU
		{50ECEE6D-553E-C3B2-E1A8-27BB5BDE4785}.Debug|Any CPU.ActiveCfg = Debug|Any CPU
		{50ECEE6D-553E-C3B2-E1A8-27BB5BDE4785}.Debug|Any CPU.Build.0 = Debug|Any CPU
		{50ECEE6D-553E-C3B2-E1A8-27BB5BDE4785}.Release|Any CPU.ActiveCfg = Release|Any CPU
		{50ECEE6D-553E-C3B2-E1A8-27BB5BDE4785}.Release|Any CPU.Build.0 = Release|Any CPU
		{826927C5-E1B0-DFEE-3B55-5843437AA523}.Debug|Any CPU.ActiveCfg = Debug|Any CPU
		{826927C5-E1B0-DFEE-3B55-5843437AA523}.Debug|Any CPU.Build.0 = Debug|Any CPU
		{826927C5-E1B0-DFEE-3B55-5843437AA523}.Release|Any CPU.ActiveCfg = Release|Any CPU
		{826927C5-E1B0-DFEE-3B55-5843437AA523}.Release|Any CPU.Build.0 = Release|Any CPU
	EndGlobalSection
	GlobalSection(SolutionProperties) = preSolution
		HideSolutionNode = FALSE
	EndGlobalSection
EndGlobal
